<Solution>
  <Folder Name="/src/">
    <Project Path="src/TaskManagement.API/TaskManagement.API.csproj" />
    <Project Path="src/TaskManagement.Application/TaskManagement.Application.csproj" />
    <Project Path="src/TaskManagement.Domain/TaskManagement.Domain.csproj" />
    <Project Path="src/TaskManagement.Infrastructure/TaskManagement.Infrastructure.csproj" />
  </Folder>
  <Folder Name="/tests/">
    <Project Path="tests/TaskManagement.UnitTests/TaskManagement.UnitTests.csproj" Id="7ce22776-87f8-44fe-95a7-d9071e6c4648" />
  </Folder>
</Solution>
